
Microsoft Visual Studio Solution File, Format Version 12.00
# Visual Studio Version 16
VisualStudioVersion = 16.0.33328.57
MinimumVisualStudioVersion = 10.0.40219.1
Project("{8BC9CEB8-8B4A-11D0-8D11-00A0C91BC942}") = "2023_04_24_P009_Calculadora", "2023_04_24_P009_Calculadora.vcxproj", "{5C738677-4B85-4CDF-8972-C534749F18CC}"
EndProject
Global
	GlobalSection(SolutionConfigurationPlatforms) = preSolution
		Debug|x64 = Debug|x64
		Debug|x86 = Debug|x86
		Release|x64 = Release|x64
		Release|x86 = Release|x86
	EndGlobalSection
	GlobalSection(ProjectConfigurationPlatforms) = postSolution
		{5C738677-4B85-4CDF-8972-C534749F18CC}.Debug|x64.ActiveCfg = Debug|x64
		{5C738677-4B85-4CDF-8972-C534749F18CC}.Debug|x64.Build.0 = Debug|x64
		{5C738677-4B85-4CDF-8972-C534749F18CC}.Debug|x86.ActiveCfg = Debug|Win32
		{5C738677-4B85-4CDF-8972-C534749F18CC}.Debug|x86.Build.0 = Debug|Win32
		{5C738677-4B85-4CDF-8972-C534749F18CC}.Release|x64.ActiveCfg = Release|x64
		{5C738677-4B85-4CDF-8972-C534749F18CC}.Release|x64.Build.0 = Release|x64
		{5C738677-4B85-4CDF-8972-C534749F18CC}.Release|x86.ActiveCfg = Release|Win32
		{5C738677-4B85-4CDF-8972-C534749F18CC}.Release|x86.Build.0 = Release|Win32
	EndGlobalSection
	GlobalSection(SolutionProperties) = preSolution
		HideSolutionNode = FALSE
	EndGlobalSection
	GlobalSection(ExtensibilityGlobals) = postSolution
		SolutionGuid = {E194B30F-1F04-4C4A-89C0-57D394626F5D}
	EndGlobalSection
EndGlobal
