
Microsoft Visual Studio Solution File, Format Version 12.00
# Visual Studio Version 16
VisualStudioVersion = 16.0.33328.57
MinimumVisualStudioVersion = 10.0.40219.1
Project("{8BC9CEB8-8B4A-11D0-8D11-00A0C91BC942}") = "2023_04_26_P04_Entrada_Salida", "2023_04_26_P04_Entrada_Salida.vcxproj", "{AC871A36-5667-4414-A5B2-B7C68B2DC304}"
EndProject
Global
	GlobalSection(SolutionConfigurationPlatforms) = preSolution
		Debug|x64 = Debug|x64
		Debug|x86 = Debug|x86
		Release|x64 = Release|x64
		Release|x86 = Release|x86
	EndGlobalSection
	GlobalSection(ProjectConfigurationPlatforms) = postSolution
		{AC871A36-5667-4414-A5B2-B7C68B2DC304}.Debug|x64.ActiveCfg = Debug|x64
		{AC871A36-5667-4414-A5B2-B7C68B2DC304}.Debug|x64.Build.0 = Debug|x64
		{AC871A36-5667-4414-A5B2-B7C68B2DC304}.Debug|x86.ActiveCfg = Debug|Win32
		{AC871A36-5667-4414-A5B2-B7C68B2DC304}.Debug|x86.Build.0 = Debug|Win32
		{AC871A36-5667-4414-A5B2-B7C68B2DC304}.Release|x64.ActiveCfg = Release|x64
		{AC871A36-5667-4414-A5B2-B7C68B2DC304}.Release|x64.Build.0 = Release|x64
		{AC871A36-5667-4414-A5B2-B7C68B2DC304}.Release|x86.ActiveCfg = Release|Win32
		{AC871A36-5667-4414-A5B2-B7C68B2DC304}.Release|x86.Build.0 = Release|Win32
	EndGlobalSection
	GlobalSection(SolutionProperties) = preSolution
		HideSolutionNode = FALSE
	EndGlobalSection
	GlobalSection(ExtensibilityGlobals) = postSolution
		SolutionGuid = {7AC8FFBA-FB9D-4D3D-8F4F-7342745276D1}
	EndGlobalSection
EndGlobal
